
Microsoft Visual Studio Solution File, Format Version 12.00
# Visual Studio 15
VisualStudioVersion = 15.0.28307.960
MinimumVisualStudioVersion = 10.0.40219.1
Project("{888888A0-9F3D-457C-B088-3A5042F75D52}") = "error_test", "error_test\error_test.pyproj", "{06E92ECE-808D-4786-9D73-372BFCCC81B5}"
EndProject
Global
	GlobalSection(SolutionConfigurationPlatforms) = preSolution
		Debug|Any CPU = Debug|Any CPU
		Release|Any CPU = Release|Any CPU
	EndGlobalSection
	GlobalSection(ProjectConfigurationPlatforms) = postSolution
		{06E92ECE-808D-4786-9D73-372BFCCC81B5}.Debug|Any CPU.ActiveCfg = Debug|Any CPU
		{06E92ECE-808D-4786-9D73-372BFCCC81B5}.Release|Any CPU.ActiveCfg = Release|Any CPU
	EndGlobalSection
	GlobalSection(SolutionProperties) = preSolution
		HideSolutionNode = FALSE
	EndGlobalSection
	GlobalSection(ExtensibilityGlobals) = postSolution
		SolutionGuid = {C469DA55-0054-4B47-A84A-CDB6522B959B}
	EndGlobalSection
EndGlobal
